[[package]]
name = "arxiv"
version = "1.4.2"
summary = "Python wrapper for the arXiv API: http://arxiv.org/help/api/"
dependencies = [
    "feedparser",
]

[[package]]
name = "black"
version = "22.8.0"
requires_python = ">=3.6.2"
summary = "The uncompromising code formatter."
dependencies = [
    "click>=8.0.0",
    "mypy-extensions>=0.4.3",
    "pathspec>=0.9.0",
    "platformdirs>=2",
    "tomli>=1.1.0; python_full_version < \"3.11.0a7\"",
]

[[package]]
name = "click"
version = "8.1.3"
requires_python = ">=3.7"
summary = "Composable command line interface toolkit"
dependencies = [
    "colorama; platform_system == \"Windows\"",
]

[[package]]
name = "colorama"
version = "0.4.5"
requires_python = ">=2.7, !=3.0.*, !=3.1.*, !=3.2.*, !=3.3.*, !=3.4.*"
summary = "Cross-platform colored terminal text."

[[package]]
name = "feedparser"
version = "6.0.10"
requires_python = ">=3.6"
summary = "Universal feed parser, handles RSS 0.9x, RSS 1.0, RSS 2.0, CDF, Atom 0.3, and Atom 1.0 feeds"
dependencies = [
    "sgmllib3k",
]

[[package]]
name = "mypy-extensions"
version = "0.4.3"
summary = "Experimental type system extensions for programs checked with the mypy typechecker."

[[package]]
name = "numpy"
version = "1.23.3"
requires_python = ">=3.8"
summary = "NumPy is the fundamental package for array computing with Python."

[[package]]
name = "pandas"
version = "1.4.4"
requires_python = ">=3.8"
summary = "Powerful data structures for data analysis, time series, and statistics"
dependencies = [
    "numpy>=1.21.0; python_version >= \"3.10\"",
    "python-dateutil>=2.8.1",
    "pytz>=2020.1",
]

[[package]]
name = "pathspec"
version = "0.10.1"
requires_python = ">=3.7"
summary = "Utility library for gitignore style pattern matching of file paths."

[[package]]
name = "platformdirs"
version = "2.5.2"
requires_python = ">=3.7"
summary = "A small Python module for determining appropriate platform-specific dirs, e.g. a \"user data dir\"."

[[package]]
name = "python-dateutil"
version = "2.8.2"
requires_python = "!=3.0.*,!=3.1.*,!=3.2.*,>=2.7"
summary = "Extensions to the standard Python datetime module"
dependencies = [
    "six>=1.5",
]

[[package]]
name = "pytz"
version = "2022.2.1"
summary = "World timezone definitions, modern and historical"

[[package]]
name = "sgmllib3k"
version = "1.0.0"
summary = "Py3k port of sgmllib."

[[package]]
name = "six"
version = "1.16.0"
requires_python = ">=2.7, !=3.0.*, !=3.1.*, !=3.2.*"
summary = "Python 2 and 3 compatibility utilities"

[[package]]
name = "tomli"
version = "2.0.1"
requires_python = ">=3.7"
summary = "A lil' TOML parser"

[[package]]
name = "tqdm"
version = "4.64.1"
requires_python = "!=3.0.*,!=3.1.*,!=3.2.*,!=3.3.*,>=2.7"
summary = "Fast, Extensible Progress Meter"
dependencies = [
    "colorama; platform_system == \"Windows\"",
]

[metadata]
lock_version = "4.0"
content_hash = "sha256:3528d9be0e8defcd6aa842279f8c0836089ddfa308f252e703b55de2d3018c23"

[metadata.files]
"arxiv 1.4.2" = [
    {url = "https://files.pythonhosted.org/packages/26/46/4df59ed734dab7428df9e800f9a6a94d5b93b29e872633501b01d53fe6e4/arxiv-1.4.2-py3-none-any.whl", hash = "sha256:6b29d9ff152a1d7bd20781a397ea03ed864b213470337eb170b059e431f1c3fc"},
    {url = "https://files.pythonhosted.org/packages/96/a3/587e756cdbbbdf95d5869961516bafde96868b6d6b79e939a63be1041606/arxiv-1.4.2.tar.gz", hash = "sha256:87d5045c342ad8e24e2007bdb4d78f43b3d58357274e20d8a1db70c429e8b0ab"},
]
"black 22.8.0" = [
    {url = "https://files.pythonhosted.org/packages/05/b1/9bd51244802560ea3cae386fd7c4b3dc104f3da2c71d9cebe0dd9a58cf21/black-22.8.0-cp39-cp39-win_amd64.whl", hash = "sha256:bc4d4123830a2d190e9cc42a2e43570f82ace35c3aeb26a512a2102bce5af7ec"},
    {url = "https://files.pythonhosted.org/packages/0e/08/daaae4173461abc664563e651a1e3c5edc9570ca03283793a444becb9c2f/black-22.8.0-cp310-cp310-macosx_11_0_arm64.whl", hash = "sha256:e8166b7bfe5dcb56d325385bd1d1e0f635f24aae14b3ae437102dedc0c186747"},
    {url = "https://files.pythonhosted.org/packages/17/87/5842bd8d3451131ad56aad8b6a680cc60034cb32a67cb7a4c930d73b55b4/black-22.8.0-cp37-cp37m-win_amd64.whl", hash = "sha256:78dd85caaab7c3153054756b9fe8c611efa63d9e7aecfa33e533060cb14b6d16"},
    {url = "https://files.pythonhosted.org/packages/18/09/63714f5c9d4d7e04c6c04603ce7fb69bf746f69caed0a3416e41bf2db168/black-22.8.0-cp39-cp39-macosx_10_9_x86_64.whl", hash = "sha256:32a4b17f644fc288c6ee2bafdf5e3b045f4eff84693ac069d87b1a347d861497"},
    {url = "https://files.pythonhosted.org/packages/18/bd/f6500e0ff2d2233863d36882418d9928ca7e2532a26a0ac16e2681bf5631/black-22.8.0-cp36-cp36m-manylinux_2_17_x86_64.manylinux2014_x86_64.whl", hash = "sha256:4a098a69a02596e1f2a58a2a1c8d5a05d5a74461af552b371e82f9fa4ada8342"},
    {url = "https://files.pythonhosted.org/packages/22/8c/395e63013297e567253b70ae36460038d47643c3cfaa25180e86dee04344/black-22.8.0-cp36-cp36m-win_amd64.whl", hash = "sha256:5594efbdc35426e35a7defa1ea1a1cb97c7dbd34c0e49af7fb593a36bd45edab"},
    {url = "https://files.pythonhosted.org/packages/36/87/2e2ebe732de20a85ad50732da070e19c06de28505a4a40d12d25d66dba6d/black-22.8.0-cp37-cp37m-manylinux_2_17_x86_64.manylinux2014_x86_64.whl", hash = "sha256:3b2c25f8dea5e8444bdc6788a2f543e1fb01494e144480bc17f806178378005e"},
    {url = "https://files.pythonhosted.org/packages/3a/1b/38a013f75022fae724ed766fdac5f6777544c45eecbe00a6d8fd91a2a26b/black-22.8.0.tar.gz", hash = "sha256:792f7eb540ba9a17e8656538701d3eb1afcb134e3b45b71f20b25c77a8db7e6e"},
    {url = "https://files.pythonhosted.org/packages/3d/a4/3eaab92ec893d7890966e4a2f7c4e3e4e6b94b4df50e4b93d2ce33180276/black-22.8.0-cp38-cp38-win_amd64.whl", hash = "sha256:e981e20ec152dfb3e77418fb616077937378b322d7b26aa1ff87717fb18b4875"},
    {url = "https://files.pythonhosted.org/packages/4d/44/466ae995a55a5c8d5914e0f02520cb64710fbc3e2df8eddc4d2a54bf6a7e/black-22.8.0-cp39-cp39-macosx_10_9_universal2.whl", hash = "sha256:8ce13ffed7e66dda0da3e0b2eb1bdfc83f5812f66e09aca2b0978593ed636b6c"},
    {url = "https://files.pythonhosted.org/packages/63/64/fc6167e4ac4547d6eb9dd31be54979553e95816df5cc889b2680556c3898/black-22.8.0-cp36-cp36m-macosx_10_9_x86_64.whl", hash = "sha256:a05da0430bd5ced89176db098567973be52ce175a55677436a271102d7eaa3fe"},
    {url = "https://files.pythonhosted.org/packages/67/e9/d6e8365eae2dd2b0d9fcdff129a88ab316a545ab44445c92ae8353c7f5ef/black-22.8.0-cp310-cp310-macosx_10_9_universal2.whl", hash = "sha256:ce957f1d6b78a8a231b18e0dd2d94a33d2ba738cd88a7fe64f53f659eea49fdd"},
    {url = "https://files.pythonhosted.org/packages/71/2c/73563faaf6c8aeb31954b8e83b3284bb01ac0ec58110ed84ecec95a055f4/black-22.8.0-cp39-cp39-manylinux_2_17_x86_64.manylinux2014_x86_64.whl", hash = "sha256:53198e28a1fb865e9fe97f88220da2e44df6da82b18833b588b1883b16bb5d41"},
    {url = "https://files.pythonhosted.org/packages/75/03/e68f2051e0ea06db2ce57151387dd34acf35beb3d67936823c1b928a0522/black-22.8.0-cp37-cp37m-macosx_10_9_x86_64.whl", hash = "sha256:a983526af1bea1e4cf6768e649990f28ee4f4137266921c2c3cee8116ae42ec3"},
    {url = "https://files.pythonhosted.org/packages/86/9c/25cab63ed9440df5dba7688d4b55123f4bb352dc48ddf93d2b32c882dbe1/black-22.8.0-cp310-cp310-win_amd64.whl", hash = "sha256:d839150f61d09e7217f52917259831fe2b689f5c8e5e32611736351b89bb2a90"},
    {url = "https://files.pythonhosted.org/packages/a5/3f/c6da8f60962de05c7e5026ce5963a102b0d6ef38884bf9ee825c09b8d0b4/black-22.8.0-cp38-cp38-macosx_10_9_x86_64.whl", hash = "sha256:5b879eb439094751185d1cfdca43023bc6786bd3c60372462b6f051efa6281a5"},
    {url = "https://files.pythonhosted.org/packages/b9/d2/7476c40f3ed871047e5ef4e27a6e946b3aac5357fe9a2e08548c95b79327/black-22.8.0-cp310-cp310-macosx_10_9_x86_64.whl", hash = "sha256:5107ea36b2b61917956d018bd25129baf9ad1125e39324a9b18248d362156a27"},
    {url = "https://files.pythonhosted.org/packages/c1/22/5d7cd0cd1c6ce136fd8dbac3f83a260723b3022cfcc0496a84f2a14c7b9a/black-22.8.0-cp38-cp38-manylinux_2_17_x86_64.manylinux2014_x86_64.whl", hash = "sha256:c3a73f66b6d5ba7288cd5d6dad9b4c9b43f4e8a4b789a94bf5abfb878c663eb3"},
    {url = "https://files.pythonhosted.org/packages/c6/63/a852b07abc942dc069b5457af40feca82667cf5ed9faec7d4688a4d9c7da/black-22.8.0-py3-none-any.whl", hash = "sha256:d2c21d439b2baf7aa80d6dd4e3659259be64c6f49dfd0f32091063db0e006db4"},
    {url = "https://files.pythonhosted.org/packages/d4/a1/dc7bc3cc5eef263625532176015d65033425af8187b732ef2495a1cfa597/black-22.8.0-cp39-cp39-macosx_11_0_arm64.whl", hash = "sha256:0ad827325a3a634bae88ae7747db1a395d5ee02cf05d9aa7a9bd77dfb10e940c"},
    {url = "https://files.pythonhosted.org/packages/d5/08/2dbe5c8e5d251fad5b06494a113940232716246e973ca33a44e59b7f1dbd/black-22.8.0-cp38-cp38-macosx_10_9_universal2.whl", hash = "sha256:cea1b2542d4e2c02c332e83150e41e3ca80dc0fb8de20df3c5e98e242156222c"},
    {url = "https://files.pythonhosted.org/packages/d5/0a/c86b68b24812deaceb48dc7e335fde0f1289e04171ef2fc5ff8eecc50102/black-22.8.0-cp310-cp310-manylinux_2_17_x86_64.manylinux2014_x86_64.whl", hash = "sha256:dd82842bb272297503cbec1a2600b6bfb338dae017186f8f215c8958f8acf869"},
    {url = "https://files.pythonhosted.org/packages/df/9f/1a01c38b187bf49ddf97872932c4ef4f87065e08b037efbe72f3f824970d/black-22.8.0-cp38-cp38-macosx_11_0_arm64.whl", hash = "sha256:0a12e4e1353819af41df998b02c6742643cfef58282915f781d0e4dd7a200411"},
]
"click 8.1.3" = [
    {url = "https://files.pythonhosted.org/packages/59/87/84326af34517fca8c58418d148f2403df25303e02736832403587318e9e8/click-8.1.3.tar.gz", hash = "sha256:7682dc8afb30297001674575ea00d1814d808d6a36af415a82bd481d37ba7b8e"},
    {url = "https://files.pythonhosted.org/packages/c2/f1/df59e28c642d583f7dacffb1e0965d0e00b218e0186d7858ac5233dce840/click-8.1.3-py3-none-any.whl", hash = "sha256:bb4d8133cb15a609f44e8213d9b391b0809795062913b383c62be0ee95b1db48"},
]
"colorama 0.4.5" = [
    {url = "https://files.pythonhosted.org/packages/2b/65/24d033a9325ce42ccbfa3ca2d0866c7e89cc68e5b9d92ecaba9feef631df/colorama-0.4.5.tar.gz", hash = "sha256:e6c6b4334fc50988a639d9b98aa429a0b57da6e17b9a44f0451f930b6967b7a4"},
    {url = "https://files.pythonhosted.org/packages/77/8b/7550e87b2d308a1b711725dfaddc19c695f8c5fa413c640b2be01662f4e6/colorama-0.4.5-py2.py3-none-any.whl", hash = "sha256:854bf444933e37f5824ae7bfc1e98d5bce2ebe4160d46b5edf346a89358e99da"},
]
"feedparser 6.0.10" = [
    {url = "https://files.pythonhosted.org/packages/63/9a/824e3c036dec4f0adb4e7c36dcf4cbffc9ee317a4985218cb1663c7ab4ad/feedparser-6.0.10.tar.gz", hash = "sha256:27da485f4637ce7163cdeab13a80312b93b7d0c1b775bef4a47629a3110bca51"},
    {url = "https://files.pythonhosted.org/packages/92/1e/741fd94cf2855d251712868f2183cb6485a28daaa3947e1a7046dc036aca/feedparser-6.0.10-py3-none-any.whl", hash = "sha256:79c257d526d13b944e965f6095700587f27388e50ea16fd245babe4dfae7024f"},
]
"mypy-extensions 0.4.3" = [
    {url = "https://files.pythonhosted.org/packages/5c/eb/975c7c080f3223a5cdaff09612f3a5221e4ba534f7039db34c35d95fa6a5/mypy_extensions-0.4.3-py2.py3-none-any.whl", hash = "sha256:090fedd75945a69ae91ce1303b5824f428daf5a028d2f6ab8a299250a846f15d"},
    {url = "https://files.pythonhosted.org/packages/63/60/0582ce2eaced55f65a4406fc97beba256de4b7a95a0034c6576458c6519f/mypy_extensions-0.4.3.tar.gz", hash = "sha256:2d82818f5bb3e369420cb3c4060a7970edba416647068eb4c5343488a6c604a8"},
]
"numpy 1.23.3" = [
    {url = "https://files.pythonhosted.org/packages/07/ef/282bcb710c7e5a6f56a77529e5f8d42ad05ed44f87e65f2771937d5b84aa/numpy-1.23.3-cp39-cp39-manylinux_2_17_aarch64.manylinux2014_aarch64.whl", hash = "sha256:e5d5420053bbb3dd64c30e58f9363d7a9c27444c3648e61460c1237f9ec3fa14"},
    {url = "https://files.pythonhosted.org/packages/0a/88/f4f0c7a982efdf7bf22f283acf6009b29a9cc5835b684a49f8d3a4adb22f/numpy-1.23.3.tar.gz", hash = "sha256:51bf49c0cd1d52be0a240aa66f3458afc4b95d8993d2d04f0d91fa60c10af6cd"},
    {url = "https://files.pythonhosted.org/packages/23/a4/0c900aa23c934018f714f1c168e6f615bc70fc26a9a996b06185e6d33665/numpy-1.23.3-cp39-cp39-win_amd64.whl", hash = "sha256:78a63d2df1d947bd9d1b11d35564c2f9e4b57898aae4626638056ec1a231c40c"},
    {url = "https://files.pythonhosted.org/packages/24/3d/b06a0b15aad299c8e53c752b8deaf2431b4f1a4d281bb536019ce4ec2659/numpy-1.23.3-cp39-cp39-macosx_11_0_arm64.whl", hash = "sha256:8c79d7cf86d049d0c5089231a5bcd31edb03555bd93d81a16870aa98c6cfb79d"},
    {url = "https://files.pythonhosted.org/packages/24/3e/fbbef2c3a04ed1d237fe4711146f111631d02f5155c1dbeb713005787cf5/numpy-1.23.3-cp38-cp38-manylinux_2_17_aarch64.manylinux2014_aarch64.whl", hash = "sha256:a64403f634e5ffdcd85e0b12c08f04b3080d3e840aef118721021f9b48fc1460"},
    {url = "https://files.pythonhosted.org/packages/2e/bd/286dacf2655c4db1a5076390337c746452a08def20daa53b4903722545d2/numpy-1.23.3-cp311-cp311-win_amd64.whl", hash = "sha256:8355fc10fd33a5a70981a5b8a0de51d10af3688d7a9e4a34fcc8fa0d7467bb7f"},
    {url = "https://files.pythonhosted.org/packages/3a/0c/8d8fe64dcfbeac1dabeb8ae74c8b697a18cf48adfced980291abcc266984/numpy-1.23.3-cp310-cp310-macosx_10_9_x86_64.whl", hash = "sha256:c9f707b5bb73bf277d812ded9896f9512a43edff72712f31667d0a8c2f8e71ee"},
    {url = "https://files.pythonhosted.org/packages/3b/93/e613ce34c908f3228fa181241ae9505c42a72ffc630af9e5173c2f26f406/numpy-1.23.3-cp38-cp38-macosx_11_0_arm64.whl", hash = "sha256:22d43376ee0acd547f3149b9ec12eec2f0ca4a6ab2f61753c5b29bb3e795ac4d"},
    {url = "https://files.pythonhosted.org/packages/48/71/4a3866a3eedf80a2ca3cd5f56e1f7afdd041b2f0e6339b6a0d8a631f6b28/numpy-1.23.3-cp38-cp38-win32.whl", hash = "sha256:f8c02ec3c4c4fcb718fdf89a6c6f709b14949408e8cf2a2be5bfa9c49548fd85"},
    {url = "https://files.pythonhosted.org/packages/51/b6/861f5e9d59c1bb6c05467f5ddcba965cb2c4b1fd62f6bf7b4c4632492625/numpy-1.23.3-cp310-cp310-win_amd64.whl", hash = "sha256:39a664e3d26ea854211867d20ebcc8023257c1800ae89773cbba9f9e97bae036"},
    {url = "https://files.pythonhosted.org/packages/58/4f/55b0ea97b18e885b67aa41a9929d6a6414da7ddad5ebbd10a9c4ad086640/numpy-1.23.3-cp311-cp311-win32.whl", hash = "sha256:7cd1328e5bdf0dee621912f5833648e2daca72e3839ec1d6695e91089625f0b4"},
    {url = "https://files.pythonhosted.org/packages/59/ec/57f87fe9dc2f8390edd1341d2ee9caa90c251f09524286476f536555ffc1/numpy-1.23.3-cp38-cp38-win_amd64.whl", hash = "sha256:e868b0389c5ccfc092031a861d4e158ea164d8b7fdbb10e3b5689b4fc6498df6"},
    {url = "https://files.pythonhosted.org/packages/75/25/196d280e3570e19bc9c553af6941b13289ff520069bffa047a80b47e549a/numpy-1.23.3-cp310-cp310-win32.whl", hash = "sha256:98dcbc02e39b1658dc4b4508442a560fe3ca5ca0d989f0df062534e5ca3a5c1a"},
    {url = "https://files.pythonhosted.org/packages/80/d9/29eb382c47203f3ee7a758eb1e2620daad08c3f74372a752b2965d8d8c7a/numpy-1.23.3-pp38-pypy38_pp73-macosx_10_9_x86_64.whl", hash = "sha256:17c0e467ade9bda685d5ac7f5fa729d8d3e76b23195471adae2d6a6941bd2c18"},
    {url = "https://files.pythonhosted.org/packages/81/03/6b9e924e39d90a67a7c01952b5768818ed24f888b0da9f333ad2246a3514/numpy-1.23.3-cp39-cp39-macosx_10_9_x86_64.whl", hash = "sha256:09f6b7bdffe57fc61d869a22f506049825d707b288039d30f26a0d0d8ea05164"},
    {url = "https://files.pythonhosted.org/packages/89/68/0400fdd510bc2e22aa658873110a525452de90bd1058eb55183438d8527b/numpy-1.23.3-cp39-cp39-win32.whl", hash = "sha256:c1ba66c48b19cc9c2975c0d354f24058888cdc674bebadceb3cdc9ec403fb5d1"},
    {url = "https://files.pythonhosted.org/packages/8d/51/bfaf6dc8279c58fcd8234e9b0f0b86146e3a8814159cd30875154f743061/numpy-1.23.3-cp311-cp311-macosx_10_9_x86_64.whl", hash = "sha256:1f27b5322ac4067e67c8f9378b41c746d8feac8bdd0e0ffede5324667b8a075c"},
    {url = "https://files.pythonhosted.org/packages/98/e0/481ed31801a69089aac50fe57229f8396b1d9cf4c85054275f9c909b13d9/numpy-1.23.3-cp310-cp310-manylinux_2_17_aarch64.manylinux2014_aarch64.whl", hash = "sha256:0ea3f98a0ffce3f8f57675eb9119f3f4edb81888b6874bc1953f91e0b1d4f440"},
    {url = "https://files.pythonhosted.org/packages/aa/a7/92b7d2698d7deabd0b846c3ad487495ef3af1dceac8a1f2b358cd20caecf/numpy-1.23.3-pp38-pypy38_pp73-manylinux_2_17_x86_64.manylinux2014_x86_64.whl", hash = "sha256:91b8d6768a75247026e951dce3b2aac79dc7e78622fc148329135ba189813584"},
    {url = "https://files.pythonhosted.org/packages/b1/84/0af94541d21dd2d403377209f462b6b463dc4ba15158776285f1af2132ac/numpy-1.23.3-cp311-cp311-macosx_11_0_arm64.whl", hash = "sha256:2ad3ec9a748a8943e6eb4358201f7e1c12ede35f510b1a2221b70af4bb64295c"},
    {url = "https://files.pythonhosted.org/packages/c6/fd/9c3a4e030858115bfee2f81351c4614c475883cb97a3297d8de039dac046/numpy-1.23.3-pp38-pypy38_pp73-win_amd64.whl", hash = "sha256:94c15ca4e52671a59219146ff584488907b1f9b3fc232622b47e2cf832e94fb8"},
    {url = "https://files.pythonhosted.org/packages/c7/31/0298a8f62a8c82b8c542f78f3761e67cb8bf0450b3e61bbe66c5c54c1a81/numpy-1.23.3-cp310-cp310-manylinux_2_17_x86_64.manylinux2014_x86_64.whl", hash = "sha256:004f0efcb2fe1c0bd6ae1fcfc69cc8b6bf2407e0f18be308612007a0762b4089"},
    {url = "https://files.pythonhosted.org/packages/d2/09/9ab4e760206c10081d253db9a3d4db8fd040ffcec9d7cdf5376d99531d54/numpy-1.23.3-cp311-cp311-manylinux_2_17_x86_64.manylinux2014_x86_64.whl", hash = "sha256:301c00cf5e60e08e04d842fc47df641d4a181e651c7135c50dc2762ffe293dbd"},
    {url = "https://files.pythonhosted.org/packages/d6/e2/bed33bdbf513cd6d3fcb4377792ef1b8aad941da542a191e1e2a98c6621f/numpy-1.23.3-cp38-cp38-manylinux_2_17_x86_64.manylinux2014_x86_64.whl", hash = "sha256:efd9d3abe5774404becdb0748178b48a218f1d8c44e0375475732211ea47c67e"},
    {url = "https://files.pythonhosted.org/packages/d7/da/417e298fd3998ed1df4b492b400757ec331c310d4d6cbf5a2f4aa93717e8/numpy-1.23.3-cp310-cp310-macosx_11_0_arm64.whl", hash = "sha256:ffcf105ecdd9396e05a8e58e81faaaf34d3f9875f137c7372450baa5d77c9a54"},
    {url = "https://files.pythonhosted.org/packages/df/5b/7f03caa84950cf02f841c910a249ae526a858de9c87ef4357cfb723b02b1/numpy-1.23.3-cp311-cp311-manylinux_2_17_aarch64.manylinux2014_aarch64.whl", hash = "sha256:bdc9febce3e68b697d931941b263c59e0c74e8f18861f4064c1f712562903411"},
    {url = "https://files.pythonhosted.org/packages/e5/0e/c76c8cd19fa0477742e553471373e69f4aeb228b3b18aaac305a66cd5f5b/numpy-1.23.3-cp38-cp38-macosx_10_9_x86_64.whl", hash = "sha256:bc6e8da415f359b578b00bcfb1d08411c96e9a97f9e6c7adada554a0812a6cc6"},
    {url = "https://files.pythonhosted.org/packages/fe/8c/1dfc141202fb2b6b75f9ca4a6681eb5cb7f328d6d2d9d186e5675c468e6a/numpy-1.23.3-cp39-cp39-manylinux_2_17_x86_64.manylinux2014_x86_64.whl", hash = "sha256:d5422d6a1ea9b15577a9432e26608c73a78faf0b9039437b075cf322c92e98e7"},
]
"pandas 1.4.4" = [
    {url = "https://files.pythonhosted.org/packages/0f/29/b1b0e546affca223467bde08f000c3163a17d80982c0271151ad0a7af3c8/pandas-1.4.4-cp310-cp310-macosx_11_0_arm64.whl", hash = "sha256:94f2ed1fd51e545ebf71da1e942fe1822ee01e10d3dd2a7276d01351333b7c6b"},
    {url = "https://files.pythonhosted.org/packages/1a/3f/bba4f9e41fff332415cdb08063b78a53c813aba1ac02887944657bb30911/pandas-1.4.4.tar.gz", hash = "sha256:ab6c0d738617b675183e5f28db32b5148b694ad9bba0a40c3ea26d96b431db67"},
    {url = "https://files.pythonhosted.org/packages/32/95/4f9193c5816c4a44e76a742ea40fcfc2816c0f941a45973078aa32c8d889/pandas-1.4.4-cp38-cp38-macosx_10_9_universal2.whl", hash = "sha256:c4bb8b0ab9f94207d07e401d24baebfc63057246b1a5e0cd9ee50df85a656871"},
    {url = "https://files.pythonhosted.org/packages/3a/a6/7a9dac6b8c5cb9b3318fdd5b1c886c04f6db6c7b35a0c0587f677b172b05/pandas-1.4.4-cp39-cp39-macosx_10_9_universal2.whl", hash = "sha256:a08ceb59db499864c58a9bf85ab6219d527d91f14c0240cc25fa2c261032b2a7"},
    {url = "https://files.pythonhosted.org/packages/3f/ea/c80181902a2c9c15f796a0c729ca730052c5d95bfdc3689ad477e15f75d1/pandas-1.4.4-cp39-cp39-manylinux_2_17_aarch64.manylinux2014_aarch64.whl", hash = "sha256:9d2a7a3c1fea668d56bd91edbd5f2732e0af8feb9d2bf8d9bfacb2dea5fa9536"},
    {url = "https://files.pythonhosted.org/packages/47/14/f2580567bd60ce8fac1f89a05b7223883643f73286919ea2cb2b58587efd/pandas-1.4.4-cp38-cp38-manylinux_2_17_aarch64.manylinux2014_aarch64.whl", hash = "sha256:ee6f1848148ed3204235967613b0a32be2d77f214e9623f554511047705c1e04"},
    {url = "https://files.pythonhosted.org/packages/48/0c/a1a3a8b3e3b70c5387dea1cafbc94f7ca7d0d6aa1895babcc2be738cfab9/pandas-1.4.4-cp310-cp310-manylinux_2_17_x86_64.manylinux2014_x86_64.whl", hash = "sha256:d0022fe6a313df1c4869b5edc012d734c6519a6fffa3cf70930f32e6a1078e49"},
    {url = "https://files.pythonhosted.org/packages/4a/5b/d74c7faadceffce80a6fde9823bdfca69b1b6bdc307ce6df5b06e109f210/pandas-1.4.4-cp310-cp310-win_amd64.whl", hash = "sha256:785e878a6e6d8ddcdb8c181e600855402750052497d7fc6d6b508894f6b8830b"},
    {url = "https://files.pythonhosted.org/packages/58/54/66d34bfd3a25657f6a9e6895240759c44fbbb1be1615e3b239f5e629afe8/pandas-1.4.4-cp38-cp38-macosx_10_9_x86_64.whl", hash = "sha256:51c424ca134fdaeac9a4acd719d1ab48046afc60943a489028f0413fdbe9ef1c"},
    {url = "https://files.pythonhosted.org/packages/77/66/e3ea438436717c366f2e3fd99712323564636743a7bb5e01931105b19410/pandas-1.4.4-cp39-cp39-win_amd64.whl", hash = "sha256:8d4d2fe2863ecddb0ba1979bdda26c8bc2ea138f5a979abe3ba80c0fa4015c91"},
    {url = "https://files.pythonhosted.org/packages/83/3e/713d296a014a42fa620f0050a88588442d926a38db1d48356fe2706c8cb2/pandas-1.4.4-cp39-cp39-macosx_11_0_arm64.whl", hash = "sha256:87b4194f344dcd14c0f885cecb22005329b38bda10f1aaf7b9596a00ec8a4768"},
    {url = "https://files.pythonhosted.org/packages/8c/a3/87d76cd3e5cb37bb5dcea64e0d916f47692628271538f223af6578be25fb/pandas-1.4.4-cp38-cp38-win32.whl", hash = "sha256:9d805bce209714b1c1fa29bfb1e42ad87e4c0a825e4b390c56a3e71593b7e8d8"},
    {url = "https://files.pythonhosted.org/packages/91/05/fabf02eeefe2898cee60289963271f627175600abc6ab913c0c60c4a7f68/pandas-1.4.4-cp310-cp310-manylinux_2_17_aarch64.manylinux2014_aarch64.whl", hash = "sha256:4591cadd06fbbbd16fafc2de6e840c1aaefeae3d5864b688004777ef1bbdede3"},
    {url = "https://files.pythonhosted.org/packages/91/2e/f2e84148e71dda670b310f1f7b9a220181e5dc1fe2f9dcf6a8632412bf4e/pandas-1.4.4-cp39-cp39-manylinux_2_17_x86_64.manylinux2014_x86_64.whl", hash = "sha256:a981cfabf51c318a562deb4ae7deec594c07aee7cf18b4594a92c23718ec8275"},
    {url = "https://files.pythonhosted.org/packages/91/b6/d8b292b084233b2fe46eb514af6b48238530e85b97d2b28a25d12faac1bc/pandas-1.4.4-cp38-cp38-manylinux_2_17_x86_64.manylinux2014_x86_64.whl", hash = "sha256:e7cc960959be28d064faefc0cb2aef854d46b827c004ebea7e79b5497ed83e7d"},
    {url = "https://files.pythonhosted.org/packages/a7/5b/bffb9cd628cd194446d13ca7f0495028cb863191538fdf09d895426b0c16/pandas-1.4.4-cp39-cp39-win32.whl", hash = "sha256:050aada67a5ec6699a7879e769825b510018a95fb9ac462bb1867483d0974a97"},
    {url = "https://files.pythonhosted.org/packages/ac/73/66ef65158bb3c24b4eec1d6b0872b4726247c60a8338a2148ec4f94c9f59/pandas-1.4.4-cp38-cp38-macosx_11_0_arm64.whl", hash = "sha256:ce35f947202b0b99c660221d82beb91d2e6d553d55a40b30128204e3e2c63848"},
    {url = "https://files.pythonhosted.org/packages/b4/7e/b6b57b0c9e577bffb5bd66884998a535d314f0340491d7552a68ec57762b/pandas-1.4.4-cp38-cp38-win_amd64.whl", hash = "sha256:afbddad78a98ec4d2ce08b384b81730de1ccc975b99eb663e6dac43703f36d98"},
    {url = "https://files.pythonhosted.org/packages/b9/98/2ce4d98f8640df08d4bb6eda0603602416798531f1a5652caadff9930a77/pandas-1.4.4-cp39-cp39-macosx_10_9_x86_64.whl", hash = "sha256:0959c41004e3d2d16f39c828d6da66ebee329836a7ecee49fb777ac9ad8a7501"},
    {url = "https://files.pythonhosted.org/packages/bf/e6/2ad11b8e7d9e294a1b18ae77d12a8d5c04a09ddf9b3b531decf91c997e6a/pandas-1.4.4-cp310-cp310-macosx_10_9_universal2.whl", hash = "sha256:799e6a25932df7e6b1f8dabf63de064e2205dc309abb75956126a0453fd88e97"},
    {url = "https://files.pythonhosted.org/packages/d7/14/8ff04ffc7b3839e388b974ede2b1e81919164d86ce20a6f0196213645bfe/pandas-1.4.4-cp310-cp310-macosx_10_9_x86_64.whl", hash = "sha256:7cd1d69a387f7d5e1a5a06a87574d9ef2433847c0e78113ab51c84d3a8bcaeaa"},
]
"pathspec 0.10.1" = [
    {url = "https://files.pythonhosted.org/packages/24/9f/a9ae1e6efa11992dba2c4727d94602bd2f6ee5f0dedc29ee2d5d572c20f7/pathspec-0.10.1.tar.gz", hash = "sha256:7ace6161b621d31e7902eb6b5ae148d12cfd23f4a249b9ffb6b9fee12084323d"},
    {url = "https://files.pythonhosted.org/packages/63/82/2179fdc39bc1bb43296f638ae1dfe2581ec2617b4e87c28b0d23d44b997f/pathspec-0.10.1-py3-none-any.whl", hash = "sha256:46846318467efc4556ccfd27816e004270a9eeeeb4d062ce5e6fc7a87c573f93"},
]
"platformdirs 2.5.2" = [
    {url = "https://files.pythonhosted.org/packages/ed/22/967181c94c3a4063fe64e15331b4cb366bdd7dfbf46fcb8ad89650026fec/platformdirs-2.5.2-py3-none-any.whl", hash = "sha256:027d8e83a2d7de06bbac4e5ef7e023c02b863d7ea5d079477e722bb41ab25788"},
    {url = "https://files.pythonhosted.org/packages/ff/7b/3613df51e6afbf2306fc2465671c03390229b55e3ef3ab9dd3f846a53be6/platformdirs-2.5.2.tar.gz", hash = "sha256:58c8abb07dcb441e6ee4b11d8df0ac856038f944ab98b7be6b27b2a3c7feef19"},
]
"python-dateutil 2.8.2" = [
    {url = "https://files.pythonhosted.org/packages/36/7a/87837f39d0296e723bb9b62bbb257d0355c7f6128853c78955f57342a56d/python_dateutil-2.8.2-py2.py3-none-any.whl", hash = "sha256:961d03dc3453ebbc59dbdea9e4e11c5651520a876d0f4db161e8674aae935da9"},
    {url = "https://files.pythonhosted.org/packages/4c/c4/13b4776ea2d76c115c1d1b84579f3764ee6d57204f6be27119f13a61d0a9/python-dateutil-2.8.2.tar.gz", hash = "sha256:0123cacc1627ae19ddf3c27a5de5bd67ee4586fbdd6440d9748f8abb483d3e86"},
]
"pytz 2022.2.1" = [
    {url = "https://files.pythonhosted.org/packages/24/0c/401283bb1499768e33ddd2e1a35817c775405c1f047a9dc088a29ce2ea5d/pytz-2022.2.1.tar.gz", hash = "sha256:cea221417204f2d1a2aa03ddae3e867921971d0d76f14d87abb4414415bbdcf5"},
    {url = "https://files.pythonhosted.org/packages/d5/50/54451e88e3da4616286029a3a17fc377de817f66a0f50e1faaee90161724/pytz-2022.2.1-py2.py3-none-any.whl", hash = "sha256:220f481bdafa09c3955dfbdddb7b57780e9a94f5127e35456a48589b9e0c0197"},
]
"sgmllib3k 1.0.0" = [
    {url = "https://files.pythonhosted.org/packages/9e/bd/3704a8c3e0942d711c1299ebf7b9091930adae6675d7c8f476a7ce48653c/sgmllib3k-1.0.0.tar.gz", hash = "sha256:7868fb1c8bfa764c1ac563d3cf369c381d1325d36124933a726f29fcdaa812e9"},
]
"six 1.16.0" = [
    {url = "https://files.pythonhosted.org/packages/71/39/171f1c67cd00715f190ba0b100d606d440a28c93c7714febeca8b79af85e/six-1.16.0.tar.gz", hash = "sha256:1e61c37477a1626458e36f7b1d82aa5c9b094fa4802892072e49de9c60c4c926"},
    {url = "https://files.pythonhosted.org/packages/d9/5a/e7c31adbe875f2abbb91bd84cf2dc52d792b5a01506781dbcf25c91daf11/six-1.16.0-py2.py3-none-any.whl", hash = "sha256:8abb2f1d86890a2dfb989f9a77cfcfd3e47c2a354b01111771326f8aa26e0254"},
]
"tomli 2.0.1" = [
    {url = "https://files.pythonhosted.org/packages/97/75/10a9ebee3fd790d20926a90a2547f0bf78f371b2f13aa822c759680ca7b9/tomli-2.0.1-py3-none-any.whl", hash = "sha256:939de3e7a6161af0c887ef91b7d41a53e7c5a1ca976325f429cb46ea9bc30ecc"},
    {url = "https://files.pythonhosted.org/packages/c0/3f/d7af728f075fb08564c5949a9c95e44352e23dee646869fa104a3b2060a3/tomli-2.0.1.tar.gz", hash = "sha256:de526c12914f0c550d15924c62d72abc48d6fe7364aa87328337a31007fe8a4f"},
]
"tqdm 4.64.1" = [
    {url = "https://files.pythonhosted.org/packages/47/bb/849011636c4da2e44f1253cd927cfb20ada4374d8b3a4e425416e84900cc/tqdm-4.64.1-py2.py3-none-any.whl", hash = "sha256:6fee160d6ffcd1b1c68c65f14c829c22832bc401726335ce92c52d395944a6a1"},
    {url = "https://files.pythonhosted.org/packages/c1/c2/d8a40e5363fb01806870e444fc1d066282743292ff32a9da54af51ce36a2/tqdm-4.64.1.tar.gz", hash = "sha256:5f4f682a004951c1b450bc753c710e9280c5746ce6ffedee253ddbcbf54cf1e4"},
]
